# THIS IS AN AUTOGENERATED FILE. DO NOT EDIT THIS FILE DIRECTLY.
# yarn lockfile v1


"@types/node@16.x":
  version "16.18.126"
  resolved "https://registry.yarnpkg.com/@types/node/-/node-16.18.126.tgz#27875faa2926c0f475b39a8bb1e546c0176f8d4b"
  integrity sha512-OTcgaiwfGFBKacvfwuHzzn1KLxH/er8mluiy8/uM3sGXHaRe73RrSIj01jow9t4kJEW633Ov+cOexXeiApTyAw==

"@types/vscode@^1.80.0":
  version "1.105.0"
  resolved "https://registry.yarnpkg.com/@types/vscode/-/vscode-1.105.0.tgz#774c54cdb62409afeb0cb2a96f75c2e06ef3f97a"
  integrity sha512-Lotk3CTFlGZN8ray4VxJE7axIyLZZETQJVWi/lYoUVQuqfRxlQhVOfoejsD2V3dVXPSbS15ov5ZyowMAzgUqcw==

sax@^1.2.4:
  version "1.4.1"
  resolved "https://registry.yarnpkg.com/sax/-/sax-1.4.1.tgz#44cc8988377f126304d3b3fc1010c733b929ef0f"
  integrity sha512-+aWOz7yVScEGoKNd4PA10LZ8sk0A/z5+nXQG5giUO5rprX9jgYsTdov9qCchZiPIZezbZH+jRut8nPodFAX4Jg==

typescript@^5.1.6:
  version "5.9.3"
  resolved "https://registry.yarnpkg.com/typescript/-/typescript-5.9.3.tgz#5b4f59e15310ab17a216f5d6cf53ee476ede670f"
  integrity sha512-jl1vZzPDinLr9eUt3J/t7V6FgNEw9QjvBPdysz9KfQDD41fQrC2Y4vKQdiaUpFT4bXlb1RHhLpp8wtm6M5TgSw==

uuid@^13.0.0:
  version "13.0.0"
  resolved "https://registry.yarnpkg.com/uuid/-/uuid-13.0.0.tgz#263dc341b19b4d755eb8fe36b78d95a6b65707e8"
  integrity sha512-XQegIaBTVUjSHliKqcnFqYypAd4S+WCYt5NIeRs6w/UAry7z8Y9j5ZwRRL4kzq9U3sD6v+85er9FvkEaBpji2w==

xml-js@^1.6.11:
  version "1.6.11"
  resolved "https://registry.yarnpkg.com/xml-js/-/xml-js-1.6.11.tgz#927d2f6947f7f1c19a316dd8eea3614e8b18f8e9"
  integrity sha512-7rVi2KMfwfWFl+GpPg6m80IVMWXLRjO+PxTq7V2CDhoGak0wzYzFgUY2m4XJ47OGdXd8eLE8EmwfAmdjw7lC1g==
  dependencies:
    sax "^1.2.4"
