# THIS IS AN AUTOGENERATED FILE. DO NOT EDIT THIS FILE DIRECTLY.
# yarn lockfile v1


"@nodable/entities@^3.0.0":
  version "3.0.0"
  resolved "https://registry.yarnpkg.com/@nodable/entities/-/entities-3.0.0.tgz#694703bc864d30eaed55c2e3def00dbd61493670"
  integrity sha512-8L9xFeTYKhm49xfIypoe2W5wV1m/3Z58kT+7kR9A8OyFxcPduI4VmxaUMQyKYrRjUoLLSXv6EKKID5Tvj9cUVw==

"@types/node@16.x":
  version "16.18.126"
  resolved "https://registry.yarnpkg.com/@types/node/-/node-16.18.126.tgz#27875faa2926c0f475b39a8bb1e546c0176f8d4b"
  integrity sha512-OTcgaiwfGFBKacvfwuHzzn1KLxH/er8mluiy8/uM3sGXHaRe73RrSIj01jow9t4kJEW633Ov+cOexXeiApTyAw==

"@types/vscode@^1.80.0":
  version "1.105.0"
  resolved "https://registry.yarnpkg.com/@types/vscode/-/vscode-1.105.0.tgz#774c54cdb62409afeb0cb2a96f75c2e06ef3f97a"
  integrity sha512-Lotk3CTFlGZN8ray4VxJE7axIyLZZETQJVWi/lYoUVQuqfRxlQhVOfoejsD2V3dVXPSbS15ov5ZyowMAzgUqcw==

anynum@^1.0.1:
  version "1.0.1"
  resolved "https://registry.yarnpkg.com/anynum/-/anynum-1.0.1.tgz#2aac00e08dfad3726c1d462e60dbc2f831659a44"
  integrity sha512-N6//FLET/tXYNM/F6ABca1oH6fWB+KlTt909Le28WMDBk8oaT4vY17DCrwg2MvmuqUKt3Ni4N5dGJ/EoBgcO6A==

fast-xml-builder@^1.2.0:
  version "1.3.0"
  resolved "https://registry.yarnpkg.com/fast-xml-builder/-/fast-xml-builder-1.3.0.tgz#bc849804796fe47bf915022dd939b0fc30ba455d"
  integrity sha512-F74cZEdCvuw9P41GAC3rod4X04jjWGM1JPEv/GWSqFTWLsdyMSBMBMlm9Hk3GLBgLBbdBNY8yee0pQh2RBVESQ==
  dependencies:
    path-expression-matcher "^1.6.2"
    xml-naming "^0.3.0"

fast-xml-parser@^5.3.0:
  version "5.10.1"
  resolved "https://registry.yarnpkg.com/fast-xml-parser/-/fast-xml-parser-5.10.1.tgz#19313f7c9386c47fa4a1de527547b73ed2cfcede"
  integrity sha512-IEMIf7298kXuZSRFoGfMYrl7is8LpavODgbNz1cwIudv7KwVFnuU+UsMporfq6PD6aXSlawZlARiA3UywCTfMw==
  dependencies:
    "@nodable/entities" "^3.0.0"
    fast-xml-builder "^1.2.0"
    is-unsafe "^2.0.0"
    path-expression-matcher "^1.6.2"
    strnum "^2.4.1"
    xml-naming "^0.3.0"

is-unsafe@^2.0.0:
  version "2.0.0"
  resolved "https://registry.yarnpkg.com/is-unsafe/-/is-unsafe-2.0.0.tgz#c0dce4e06742662dde26360160e414ea487da2e9"
  integrity sha512-2LdV822R+wmI86unXA93WCFpL6g+av8ynWk0nrHyJqGop5VoocYsSLFgN8jrfalT6iGeLNM4KXuVSsULP53kEA==

path-expression-matcher@^1.6.2:
  version "1.6.2"
  resolved "https://registry.yarnpkg.com/path-expression-matcher/-/path-expression-matcher-1.6.2.tgz#567c73c07197e9dcef24e90edcdc571056599168"
  integrity sha512-enSlaiat05iasnzmgNxRj8reFdj3puY2QpNgP1aPIaVfT6nn9ICuPoFlKHk8EN22HcwewshO+mN2DGbkCEOtqQ==

strnum@^2.4.1:
  version "2.4.1"
  resolved "https://registry.yarnpkg.com/strnum/-/strnum-2.4.1.tgz#85417f683113badea0fe7e17227676f889ff7e58"
  integrity sha512-M9eUSMT2dCB2cTNPG7UYj6KuK7RJR2SN2+yCV/fTW3xzTCS6EaGZ5pSMgDIjB7r8zSfTGk+dvvn9rTjpVS9Mwg==
  dependencies:
    anynum "^1.0.1"

typescript@^5.1.6:
  version "5.9.3"
  resolved "https://registry.yarnpkg.com/typescript/-/typescript-5.9.3.tgz#5b4f59e15310ab17a216f5d6cf53ee476ede670f"
  integrity sha512-jl1vZzPDinLr9eUt3J/t7V6FgNEw9QjvBPdysz9KfQDD41fQrC2Y4vKQdiaUpFT4bXlb1RHhLpp8wtm6M5TgSw==

uuid@^13.0.1:
  version "13.0.2"
  resolved "https://registry.yarnpkg.com/uuid/-/uuid-13.0.2.tgz#41bc9c07b12f665089c205f6507976adbdf84ff8"
  integrity sha512-vzi9uRZ926x4XV73S/4qQaTwPXM2JBj6/6lI/byHH1jOpCzb0zDbfytgA9LcN/hzb2l7WQSQnxITOVx5un/wGw==

xml-naming@^0.3.0:
  version "0.3.0"
  resolved "https://registry.yarnpkg.com/xml-naming/-/xml-naming-0.3.0.tgz#46c1e18bfe2858479982dd2accf34d16e749eda2"
  integrity sha512-ghig2TBE/H11aOVgmahA3MhimvkBr6JIYknH/Dhdk10nXwdbIqBJsbfMxpvFPG8bAw77gN29aQWvKpmVoPlvPQ==
